{
    "_readme": [
        "This file locks the dependencies of your project to a known state",
        "Read more about it at https://getcomposer.org/doc/01-basic-usage.md#installing-dependencies",
        "This file is @generated automatically"
    ],
    "content-hash": "8e3c3f00ddb375603eb580a4bf9cc515",
    "packages": [
        {
            "name": "bprollinson/bolognese-database-client-api",
            "version": "dev-master",
            "source": {
                "type": "git",
                "url": "https://github.com/bprollinson/bolognese-database-client-api.git",
                "reference": "30f1e12e73d85199ce269cc1fd9050a30781bbed"
            },
            "dist": {
                "type": "zip",
                "url": "https://api.github.com/repos/bprollinson/bolognese-database-client-api/zipball/30f1e12e73d85199ce269cc1fd9050a30781bbed",
                "reference": "30f1e12e73d85199ce269cc1fd9050a30781bbed",
                "shasum": ""
            },
            "default-branch": true,
            "type": "library",
            "support": {
                "source": "https://github.com/bprollinson/bolognese-database-client-api/tree/master",
                "issues": "https://github.com/bprollinson/bolognese-database-client-api/issues"
            },
            "time": "2021-07-02T22:18:03+00:00"
        }
    ],
    "packages-dev": [],
    "aliases": [],
    "minimum-stability": "stable",
    "stability-flags": {
        "bprollinson/bolognese-database-client-api": 20
    },
    "prefer-stable": false,
    "prefer-lowest": false,
    "platform": [],
    "platform-dev": [],
    "plugin-api-version": "2.1.0"
}
