{
    "_readme": [
        "This file locks the dependencies of your project to a known state",
        "Read more about it at https://getcomposer.org/doc/01-basic-usage.md#installing-dependencies",
        "This file is @generated automatically"
    ],
    "content-hash": "c3ddb2e2d432d654358482b47707bf16",
    "packages": [
        {
            "name": "bprollinson/bolognese-database-client-api",
            "version": "dev-master",
            "source": {
                "type": "git",
                "url": "https://github.com/bprollinson/bolognese-database-client-api.git",
                "reference": "b1e414acab550d1965d85a7838cb4ad46b8c6386"
            },
            "dist": {
                "type": "zip",
                "url": "https://api.github.com/repos/bprollinson/bolognese-database-client-api/zipball/b1e414acab550d1965d85a7838cb4ad46b8c6386",
                "reference": "b1e414acab550d1965d85a7838cb4ad46b8c6386",
                "shasum": ""
            },
            "require": {
                "bprollinson/bolognese-socket-client": "dev-master"
            },
            "default-branch": true,
            "type": "library",
            "support": {
                "source": "https://github.com/bprollinson/bolognese-database-client-api/tree/master",
                "issues": "https://github.com/bprollinson/bolognese-database-client-api/issues"
            },
            "time": "2021-07-05T04:15:49+00:00"
        },
        {
            "name": "bprollinson/bolognese-socket-client",
            "version": "dev-master",
            "source": {
                "type": "git",
                "url": "https://github.com/bprollinson/bolognese-socket-client.git",
                "reference": "9224028802ae68a980c4f0f8b992f39e6125a0ca"
            },
            "dist": {
                "type": "zip",
                "url": "https://api.github.com/repos/bprollinson/bolognese-socket-client/zipball/9224028802ae68a980c4f0f8b992f39e6125a0ca",
                "reference": "9224028802ae68a980c4f0f8b992f39e6125a0ca",
                "shasum": ""
            },
            "default-branch": true,
            "type": "library",
            "support": {
                "source": "https://github.com/bprollinson/bolognese-socket-client/tree/master",
                "issues": "https://github.com/bprollinson/bolognese-socket-client/issues"
            },
            "time": "2021-06-28T18:00:07+00:00"
        }
    ],
    "packages-dev": [],
    "aliases": [],
    "minimum-stability": "dev",
    "stability-flags": {
        "bprollinson/bolognese-database-client-api": 20
    },
    "prefer-stable": false,
    "prefer-lowest": false,
    "platform": [],
    "platform-dev": [],
    "plugin-api-version": "2.1.0"
}
